
Microsoft Visual Studio Solution File, Format Version 12.00
# Visual Studio Version 17
VisualStudioVersion = 17.6.33801.468
MinimumVisualStudioVersion = 10.0.40219.1
Project("{9A19103F-16F7-4668-BE54-9A1E7A4F7556}") = "HisseSenetlerimUI", "HisseSenetlerim\HisseSenetlerimUI.csproj", "{9374197F-1F21-45CD-8838-E7E58C762154}"
EndProject
Project("{9A19103F-16F7-4668-BE54-9A1E7A4F7556}") = "HisseSenetlerimLib", "HisseSenetlerimLib\HisseSenetlerimLib.csproj", "{98D134A5-E0AA-4311-B9E2-B735F0AAABE9}"
EndProject
Project("{9A19103F-16F7-4668-BE54-9A1E7A4F7556}") = "HisseSenetlerimTests", "HisseSenetlerimTests\HisseSenetlerimTests.csproj", "{BFC46456-5E37-44E1-A182-78A3F962825B}"
EndProject
Global
	GlobalSection(SolutionConfigurationPlatforms) = preSolution
		Debug|Any CPU = Debug|Any CPU
		Release|Any CPU = Release|Any CPU
	EndGlobalSection
	GlobalSection(ProjectConfigurationPlatforms) = postSolution
		{9374197F-1F21-45CD-8838-E7E58C762154}.Debug|Any CPU.ActiveCfg = Debug|Any CPU
		{9374197F-1F21-45CD-8838-E7E58C762154}.Debug|Any CPU.Build.0 = Debug|Any CPU
		{9374197F-1F21-45CD-8838-E7E58C762154}.Release|Any CPU.ActiveCfg = Release|Any CPU
		{9374197F-1F21-45CD-8838-E7E58C762154}.Release|Any CPU.Build.0 = Release|Any CPU
		{98D134A5-E0AA-4311-B9E2-B735F0AAABE9}.Debug|Any CPU.ActiveCfg = Debug|Any CPU
		{98D134A5-E0AA-4311-B9E2-B735F0AAABE9}.Debug|Any CPU.Build.0 = Debug|Any CPU
		{98D134A5-E0AA-4311-B9E2-B735F0AAABE9}.Release|Any CPU.ActiveCfg = Release|Any CPU
		{98D134A5-E0AA-4311-B9E2-B735F0AAABE9}.Release|Any CPU.Build.0 = Release|Any CPU
		{BFC46456-5E37-44E1-A182-78A3F962825B}.Debug|Any CPU.ActiveCfg = Debug|Any CPU
		{BFC46456-5E37-44E1-A182-78A3F962825B}.Debug|Any CPU.Build.0 = Debug|Any CPU
		{BFC46456-5E37-44E1-A182-78A3F962825B}.Release|Any CPU.ActiveCfg = Release|Any CPU
		{BFC46456-5E37-44E1-A182-78A3F962825B}.Release|Any CPU.Build.0 = Release|Any CPU
	EndGlobalSection
	GlobalSection(SolutionProperties) = preSolution
		HideSolutionNode = FALSE
	EndGlobalSection
	GlobalSection(ExtensibilityGlobals) = postSolution
		SolutionGuid = {760E79F0-7587-4971-94CA-B3A8E4D64C4E}
	EndGlobalSection
EndGlobal
